
Microsoft Visual Studio Solution File, Format Version 12.00
# Visual Studio Version 16
VisualStudioVersion = 16.0.30523.141
MinimumVisualStudioVersion = 10.0.40219.1
Project("{D954291E-2A0B-460D-934E-DC6B0785DB48}") = "COMMON_SHARED", "COMMON_SHARED\COMMON_SHARED.shproj", "{FCA4181F-59B5-42FD-8015-E10AF44C0DAC}"
EndProject
Project("{FAE04EC0-301F-11D3-BF4B-00C04F79EFBC}") = "COMMON35", "COMMON35\COMMON35.csproj", "{2A6367EE-7D3C-4756-8FD2-2C386AD9F464}"
EndProject
Project("{2150E333-8FDC-42A3-9474-1A3956D46DE8}") = "Solution Items", "Solution Items", "{A4CD66B1-7E2B-4A93-97D9-A64740B216AD}"
	ProjectSection(SolutionItems) = preProject
		.editorconfig = .editorconfig
		nuget.nuspec = nuget.nuspec
		README.md = README.md
	EndProjectSection
EndProject
Project("{F184B08F-C81C-45F6-A57F-5ABD9991F28F}") = "TestCommon", "TestCommon\TestCommon.vbproj", "{3E5BAF1A-A375-47CB-94F4-E170E98B62F2}"
EndProject
Project("{D954291E-2A0B-460D-934E-DC6B0785DB48}") = "COMMON_WIN32", "COMMON_WIN32\COMMON_WIN32.shproj", "{AB7828DB-A9AD-4C0D-9320-3D71F0F4E000}"
EndProject
Project("{F184B08F-C81C-45F6-A57F-5ABD9991F28F}") = "TestCommon35", "TestCommon35\TestCommon35.vbproj", "{6BD9340D-2BB6-439D-9332-0D69FB3DCE28}"
EndProject
Project("{D954291E-2A0B-460D-934E-DC6B0785DB48}") = "COMMON_ODBC", "COMMON_ODBC\COMMON_ODBC.shproj", "{FF85AC31-5139-4DC2-B573-1EBEE353A1D9}"
EndProject
Project("{FAE04EC0-301F-11D3-BF4B-00C04F79EFBC}") = "COMMON", "COMMON\COMMON.csproj", "{8293F43E-FD5D-4FB7-A22F-E5968515947F}"
EndProject
Project("{9A19103F-16F7-4668-BE54-9A1E7A4F7556}") = "COMMON.CORE", "COMMON.CORE\COMMON.CORE.csproj", "{1C4EC0B0-10CD-457E-B4D9-77F089CC0B17}"
EndProject
Project("{2150E333-8FDC-42A3-9474-1A3956D46DE8}") = ".NET Framework", ".NET Framework", "{4A2AB299-8198-4E16-84C0-8F9B63241C55}"
EndProject
Project("{2150E333-8FDC-42A3-9474-1A3956D46DE8}") = ".NET 5.0", ".NET 5.0", "{12CB8853-D408-41D1-A184-406D7A1ED2E2}"
EndProject
Project("{9A19103F-16F7-4668-BE54-9A1E7A4F7556}") = "COMMON.CORE.ODBC", "COMMON.CORE.ODBC\COMMON.CORE.ODBC.csproj", "{5B10C126-C111-425E-BB88-343D3C091545}"
EndProject
Project("{2150E333-8FDC-42A3-9474-1A3956D46DE8}") = "Tests", "Tests", "{23B06AB6-0DF4-415D-BC24-8D22245FA715}"
EndProject
Global
	GlobalSection(SharedMSBuildProjectFiles) = preSolution
		COMMON_SHARED\COMMON_SHARED.projitems*{1c4ec0b0-10cd-457e-b4d9-77f089cc0b17}*SharedItemsImports = 5
		COMMON_ODBC\COMMON_ODBC.projitems*{2a6367ee-7d3c-4756-8fd2-2c386ad9f464}*SharedItemsImports = 4
		COMMON_SHARED\COMMON_SHARED.projitems*{2a6367ee-7d3c-4756-8fd2-2c386ad9f464}*SharedItemsImports = 4
		COMMON_WIN32\COMMON_WIN32.projitems*{2a6367ee-7d3c-4756-8fd2-2c386ad9f464}*SharedItemsImports = 4
		COMMON_ODBC\COMMON_ODBC.projitems*{5b10c126-c111-425e-bb88-343d3c091545}*SharedItemsImports = 5
		COMMON_ODBC\COMMON_ODBC.projitems*{8293f43e-fd5d-4fb7-a22f-e5968515947f}*SharedItemsImports = 4
		COMMON_SHARED\COMMON_SHARED.projitems*{8293f43e-fd5d-4fb7-a22f-e5968515947f}*SharedItemsImports = 4
		COMMON_WIN32\COMMON_WIN32.projitems*{8293f43e-fd5d-4fb7-a22f-e5968515947f}*SharedItemsImports = 4
		COMMON_WIN32\COMMON_WIN32.projitems*{ab7828db-a9ad-4c0d-9320-3d71f0f4e000}*SharedItemsImports = 13
		COMMON_SHARED\COMMON_SHARED.projitems*{fca4181f-59b5-42fd-8015-e10af44c0dac}*SharedItemsImports = 13
		COMMON_ODBC\COMMON_ODBC.projitems*{ff85ac31-5139-4dc2-b573-1ebee353a1d9}*SharedItemsImports = 13
	EndGlobalSection
	GlobalSection(SolutionConfigurationPlatforms) = preSolution
		Debug|Any CPU = Debug|Any CPU
		Release|Any CPU = Release|Any CPU
	EndGlobalSection
	GlobalSection(ProjectConfigurationPlatforms) = postSolution
		{2A6367EE-7D3C-4756-8FD2-2C386AD9F464}.Debug|Any CPU.ActiveCfg = Debug|Any CPU
		{2A6367EE-7D3C-4756-8FD2-2C386AD9F464}.Debug|Any CPU.Build.0 = Debug|Any CPU
		{2A6367EE-7D3C-4756-8FD2-2C386AD9F464}.Release|Any CPU.ActiveCfg = Release|Any CPU
		{2A6367EE-7D3C-4756-8FD2-2C386AD9F464}.Release|Any CPU.Build.0 = Release|Any CPU
		{3E5BAF1A-A375-47CB-94F4-E170E98B62F2}.Debug|Any CPU.ActiveCfg = Debug|Any CPU
		{3E5BAF1A-A375-47CB-94F4-E170E98B62F2}.Debug|Any CPU.Build.0 = Debug|Any CPU
		{3E5BAF1A-A375-47CB-94F4-E170E98B62F2}.Release|Any CPU.ActiveCfg = Release|Any CPU
		{3E5BAF1A-A375-47CB-94F4-E170E98B62F2}.Release|Any CPU.Build.0 = Release|Any CPU
		{6BD9340D-2BB6-439D-9332-0D69FB3DCE28}.Debug|Any CPU.ActiveCfg = Debug|Any CPU
		{6BD9340D-2BB6-439D-9332-0D69FB3DCE28}.Debug|Any CPU.Build.0 = Debug|Any CPU
		{6BD9340D-2BB6-439D-9332-0D69FB3DCE28}.Release|Any CPU.ActiveCfg = Release|Any CPU
		{6BD9340D-2BB6-439D-9332-0D69FB3DCE28}.Release|Any CPU.Build.0 = Release|Any CPU
		{8293F43E-FD5D-4FB7-A22F-E5968515947F}.Debug|Any CPU.ActiveCfg = Debug|Any CPU
		{8293F43E-FD5D-4FB7-A22F-E5968515947F}.Debug|Any CPU.Build.0 = Debug|Any CPU
		{8293F43E-FD5D-4FB7-A22F-E5968515947F}.Release|Any CPU.ActiveCfg = Release|Any CPU
		{8293F43E-FD5D-4FB7-A22F-E5968515947F}.Release|Any CPU.Build.0 = Release|Any CPU
		{1C4EC0B0-10CD-457E-B4D9-77F089CC0B17}.Debug|Any CPU.ActiveCfg = Debug|Any CPU
		{1C4EC0B0-10CD-457E-B4D9-77F089CC0B17}.Debug|Any CPU.Build.0 = Debug|Any CPU
		{1C4EC0B0-10CD-457E-B4D9-77F089CC0B17}.Release|Any CPU.ActiveCfg = Release|Any CPU
		{1C4EC0B0-10CD-457E-B4D9-77F089CC0B17}.Release|Any CPU.Build.0 = Release|Any CPU
		{5B10C126-C111-425E-BB88-343D3C091545}.Debug|Any CPU.ActiveCfg = Debug|Any CPU
		{5B10C126-C111-425E-BB88-343D3C091545}.Debug|Any CPU.Build.0 = Debug|Any CPU
		{5B10C126-C111-425E-BB88-343D3C091545}.Release|Any CPU.ActiveCfg = Release|Any CPU
		{5B10C126-C111-425E-BB88-343D3C091545}.Release|Any CPU.Build.0 = Release|Any CPU
	EndGlobalSection
	GlobalSection(SolutionProperties) = preSolution
		HideSolutionNode = FALSE
	EndGlobalSection
	GlobalSection(NestedProjects) = preSolution
		{2A6367EE-7D3C-4756-8FD2-2C386AD9F464} = {4A2AB299-8198-4E16-84C0-8F9B63241C55}
		{3E5BAF1A-A375-47CB-94F4-E170E98B62F2} = {23B06AB6-0DF4-415D-BC24-8D22245FA715}
		{6BD9340D-2BB6-439D-9332-0D69FB3DCE28} = {23B06AB6-0DF4-415D-BC24-8D22245FA715}
		{8293F43E-FD5D-4FB7-A22F-E5968515947F} = {4A2AB299-8198-4E16-84C0-8F9B63241C55}
		{1C4EC0B0-10CD-457E-B4D9-77F089CC0B17} = {12CB8853-D408-41D1-A184-406D7A1ED2E2}
		{5B10C126-C111-425E-BB88-343D3C091545} = {12CB8853-D408-41D1-A184-406D7A1ED2E2}
	EndGlobalSection
	GlobalSection(ExtensibilityGlobals) = postSolution
		SolutionGuid = {FD10E091-FE93-4BEE-BE53-C94BD728C1DD}
	EndGlobalSection
EndGlobal
